
Microsoft Visual Studio Solution File, Format Version 12.00
# Visual Studio Version 16
VisualStudioVersion = 16.0.30611.23
MinimumVisualStudioVersion = 10.0.40219.1
Project("{FAE04EC0-301F-11D3-BF4B-00C04F79EFBC}") = "EDP Presentation", "EDP Presentation\EDP Presentation.csproj", "{34DA9373-3B7D-43FE-A6DE-8ED12B42CDC6}"
	ProjectSection(ProjectDependencies) = postProject
		{5D134E45-1A06-40E8-B169-814A5093FAD3} = {5D134E45-1A06-40E8-B169-814A5093FAD3}
	EndProjectSection
EndProject
Project("{FAE04EC0-301F-11D3-BF4B-00C04F79EFBC}") = "MyDBService", "MyDBService\MyDBService.csproj", "{5D134E45-1A06-40E8-B169-814A5093FAD3}"
EndProject
Global
	GlobalSection(SolutionConfigurationPlatforms) = preSolution
		Debug|Any CPU = Debug|Any CPU
		Release|Any CPU = Release|Any CPU
	EndGlobalSection
	GlobalSection(ProjectConfigurationPlatforms) = postSolution
		{34DA9373-3B7D-43FE-A6DE-8ED12B42CDC6}.Debug|Any CPU.ActiveCfg = Debug|Any CPU
		{34DA9373-3B7D-43FE-A6DE-8ED12B42CDC6}.Debug|Any CPU.Build.0 = Debug|Any CPU
		{34DA9373-3B7D-43FE-A6DE-8ED12B42CDC6}.Release|Any CPU.ActiveCfg = Release|Any CPU
		{34DA9373-3B7D-43FE-A6DE-8ED12B42CDC6}.Release|Any CPU.Build.0 = Release|Any CPU
		{5D134E45-1A06-40E8-B169-814A5093FAD3}.Debug|Any CPU.ActiveCfg = Debug|Any CPU
		{5D134E45-1A06-40E8-B169-814A5093FAD3}.Debug|Any CPU.Build.0 = Debug|Any CPU
		{5D134E45-1A06-40E8-B169-814A5093FAD3}.Release|Any CPU.ActiveCfg = Release|Any CPU
		{5D134E45-1A06-40E8-B169-814A5093FAD3}.Release|Any CPU.Build.0 = Release|Any CPU
	EndGlobalSection
	GlobalSection(SolutionProperties) = preSolution
		HideSolutionNode = FALSE
	EndGlobalSection
	GlobalSection(ExtensibilityGlobals) = postSolution
		SolutionGuid = {8029286D-63D9-4CE5-872E-4AD17E4DAE6E}
	EndGlobalSection
EndGlobal
